// !$*UTF8*$!
{
	archiveVersion = 1;
	classes = {
	};
	objectVersion = 50;
	objects = {

/* Begin PBXBuildFile section */
		CE2C347B238C16B900B80E4C /* AppDelegate.swift in Sources */ = {isa = PBXBuildFile; fileRef = CE2C347A238C16B900B80E4C /* AppDelegate.swift */; };
		CE2C347D238C16B900B80E4C /* SceneDelegate.swift in Sources */ = {isa = PBXBuildFile; fileRef = CE2C347C238C16B900B80E4C /* SceneDelegate.swift */; };
		CE2C347F238C16B900B80E4C /* ViewController.swift in Sources */ = {isa = PBXBuildFile; fileRef = CE2C347E238C16B900B80E4C /* ViewController.swift */; };
		CE2C3482238C16B900B80E4C /* Main.storyboard in Resources */ = {isa = PBXBuildFile; fileRef = CE2C3480238C16B900B80E4C /* Main.storyboard */; };
		CE2C3484238C16BA00B80E4C /* Assets.xcassets in Resources */ = {isa = PBXBuildFile; fileRef = CE2C3483238C16BA00B80E4C /* Assets.xcassets */; };
		CE2C3487238C16BA00B80E4C /* LaunchScreen.storyboard in Resources */ = {isa = PBXBuildFile; fileRef = CE2C3485238C16BA00B80E4C /* LaunchScreen.storyboard */; };
		CE2C3494238C194F00B80E4C /* AuthorizationViewController.swift in Sources */ = {isa = PBXBuildFile; fileRef = CE2C3492238C194F00B80E4C /* AuthorizationViewController.swift */; };
		CE2C3495238C194F00B80E4C /* AuthorizationViewController.xib in Resources */ = {isa = PBXBuildFile; fileRef = CE2C3493238C194F00B80E4C /* AuthorizationViewController.xib */; };
		CE2EED59238C654600DC5291 /* RegistrationViewController.swift in Sources */ = {isa = PBXBuildFile; fileRef = CE2EED57238C654600DC5291 /* RegistrationViewController.swift */; };
		CE2EED5A238C654600DC5291 /* RegistrationViewController.xib in Resources */ = {isa = PBXBuildFile; fileRef = CE2EED58238C654600DC5291 /* RegistrationViewController.xib */; };
/* End PBXBuildFile section */

/* Begin PBXFileReference section */
		CE2C3477238C16B900B80E4C /* AutoLayout.app */ = {isa = PBXFileReference; explicitFileType = wrapper.application; includeInIndex = 0; path = AutoLayout.app; sourceTree = BUILT_PRODUCTS_DIR; };
		CE2C347A238C16B900B80E4C /* AppDelegate.swift */ = {isa = PBXFileReference; lastKnownFileType = sourcecode.swift; path = AppDelegate.swift; sourceTree = "<group>"; };
		CE2C347C238C16B900B80E4C /* SceneDelegate.swift */ = {isa = PBXFileReference; lastKnownFileType = sourcecode.swift; path = SceneDelegate.swift; sourceTree = "<group>"; };
		CE2C347E238C16B900B80E4C /* ViewController.swift */ = {isa = PBXFileReference; lastKnownFileType = sourcecode.swift; path = ViewController.swift; sourceTree = "<group>"; };
		CE2C3481238C16B900B80E4C /* Base */ = {isa = PBXFileReference; lastKnownFileType = file.storyboard; name = Base; path = Base.lproj/Main.storyboard; sourceTree = "<group>"; };
		CE2C3483238C16BA00B80E4C /* Assets.xcassets */ = {isa = PBXFileReference; lastKnownFileType = folder.assetcatalog; path = Assets.xcassets; sourceTree = "<group>"; };
		CE2C3486238C16BA00B80E4C /* Base */ = {isa = PBXFileReference; lastKnownFileType = file.storyboard; name = Base; path = Base.lproj/LaunchScreen.storyboard; sourceTree = "<group>"; };
		CE2C3488238C16BA00B80E4C /* Info.plist */ = {isa = PBXFileReference; lastKnownFileType = text.plist.xml; path = Info.plist; sourceTree = "<group>"; };
		CE2C3492238C194F00B80E4C /* AuthorizationViewController.swift */ = {isa = PBXFileReference; lastKnownFileType = sourcecode.swift; path = AuthorizationViewController.swift; sourceTree = "<group>"; };
		CE2C3493238C194F00B80E4C /* AuthorizationViewController.xib */ = {isa = PBXFileReference; lastKnownFileType = file.xib; path = AuthorizationViewController.xib; sourceTree = "<group>"; };
		CE2EED57238C654600DC5291 /* RegistrationViewController.swift */ = {isa = PBXFileReference; lastKnownFileType = sourcecode.swift; path = RegistrationViewController.swift; sourceTree = "<group>"; };
		CE2EED58238C654600DC5291 /* RegistrationViewController.xib */ = {isa = PBXFileReference; lastKnownFileType = file.xib; path = RegistrationViewController.xib; sourceTree = "<group>"; };
/* End PBXFileReference section */

/* Begin PBXFrameworksBuildPhase section */
		CE2C3474238C16B900B80E4C /* Frameworks */ = {
			isa = PBXFrameworksBuildPhase;
			buildActionMask = 2147483647;
			files = (
			);
			runOnlyForDeploymentPostprocessing = 0;
		};
/* End PBXFrameworksBuildPhase section */

/* Begin PBXGroup section */
		CE2C346E238C16B900B80E4C = {
			isa = PBXGroup;
			children = (
				CE2C3479238C16B900B80E4C /* AutoLayout */,
				CE2C3478238C16B900B80E4C /* Products */,
			);
			sourceTree = "<group>";
		};
		CE2C3478238C16B900B80E4C /* Products */ = {
			isa = PBXGroup;
			children = (
				CE2C3477238C16B900B80E4C /* AutoLayout.app */,
			);
			name = Products;
			sourceTree = "<group>";
		};
		CE2C3479238C16B900B80E4C /* AutoLayout */ = {
			isa = PBXGroup;
			children = (
				CE2C347A238C16B900B80E4C /* AppDelegate.swift */,
				CE2C347C238C16B900B80E4C /* SceneDelegate.swift */,
				CE2C347E238C16B900B80E4C /* ViewController.swift */,
				CE2C3480238C16B900B80E4C /* Main.storyboard */,
				CE2C3483238C16BA00B80E4C /* Assets.xcassets */,
				CE2C3485238C16BA00B80E4C /* LaunchScreen.storyboard */,
				CE2C3488238C16BA00B80E4C /* Info.plist */,
				CE2C3492238C194F00B80E4C /* AuthorizationViewController.swift */,
				CE2C3493238C194F00B80E4C /* AuthorizationViewController.xib */,
				CE2EED57238C654600DC5291 /* RegistrationViewController.swift */,
				CE2EED58238C654600DC5291 /* RegistrationViewController.xib */,
			);
			path = AutoLayout;
			sourceTree = "<group>";
		};
/* End PBXGroup section */

/* Begin PBXNativeTarget section */
		CE2C3476238C16B900B80E4C /* AutoLayout */ = {
			isa = PBXNativeTarget;
			buildConfigurationList = CE2C348B238C16BA00B80E4C /* Build configuration list for PBXNativeTarget "AutoLayout" */;
			buildPhases = (
				CE2C3473238C16B900B80E4C /* Sources */,
				CE2C3474238C16B900B80E4C /* Frameworks */,
				CE2C3475238C16B900B80E4C /* Resources */,
			);
			buildRules = (
			);
			dependencies = (
			);
			name = AutoLayout;
			productName = AutoLayout;
			productReference = CE2C3477238C16B900B80E4C /* AutoLayout.app */;
			productType = "com.apple.product-type.application";
		};
/* End PBXNativeTarget section */

/* Begin PBXProject section */
		CE2C346F238C16B900B80E4C /* Project object */ = {
			isa = PBXProject;
			attributes = {
				LastSwiftUpdateCheck = 1120;
				LastUpgradeCheck = 1120;
				ORGANIZATIONNAME = "Dmitry Angarsky";
				TargetAttributes = {
					CE2C3476238C16B900B80E4C = {
						CreatedOnToolsVersion = 11.2.1;
					};
				};
			};
			buildConfigurationList = CE2C3472238C16B900B80E4C /* Build configuration list for PBXProject "AutoLayout" */;
			compatibilityVersion = "Xcode 9.3";
			developmentRegion = en;
			hasScannedForEncodings = 0;
			knownRegions = (
				en,
				Base,
			);
			mainGroup = CE2C346E238C16B900B80E4C;
			productRefGroup = CE2C3478238C16B900B80E4C /* Products */;
			projectDirPath = "";
			projectRoot = "";
			targets = (
				CE2C3476238C16B900B80E4C /* AutoLayout */,
			);
		};
/* End PBXProject section */

/* Begin PBXResourcesBuildPhase section */
		CE2C3475238C16B900B80E4C /* Resources */ = {
			isa = PBXResourcesBuildPhase;
			buildActionMask = 2147483647;
			files = (
				CE2C3487238C16BA00B80E4C /* LaunchScreen.storyboard in Resources */,
				CE2EED5A238C654600DC5291 /* RegistrationViewController.xib in Resources */,
				CE2C3495238C194F00B80E4C /* AuthorizationViewController.xib in Resources */,
				CE2C3484238C16BA00B80E4C /* Assets.xcassets in Resources */,
				CE2C3482238C16B900B80E4C /* Main.storyboard in Resources */,
			);
			runOnlyForDeploymentPostprocessing = 0;
		};
/* End PBXResourcesBuildPhase section */

/* Begin PBXSourcesBuildPhase section */
		CE2C3473238C16B900B80E4C /* Sources */ = {
			isa = PBXSourcesBuildPhase;
			buildActionMask = 2147483647;
			files = (
				CE2C347F238C16B900B80E4C /* ViewController.swift in Sources */,
				CE2C347B238C16B900B80E4C /* AppDelegate.swift in Sources */,
				CE2C3494238C194F00B80E4C /* AuthorizationViewController.swift in Sources */,
				CE2EED59238C654600DC5291 /* RegistrationViewController.swift in Sources */,
				CE2C347D238C16B900B80E4C /* SceneDelegate.swift in Sources */,
			);
			runOnlyForDeploymentPostprocessing = 0;
		};
/* End PBXSourcesBuildPhase section */

/* Begin PBXVariantGroup section */
		CE2C3480238C16B900B80E4C /* Main.storyboard */ = {
			isa = PBXVariantGroup;
			children = (
				CE2C3481238C16B900B80E4C /* Base */,
			);
			name = Main.storyboard;
			sourceTree = "<group>";
		};
		CE2C3485238C16BA00B80E4C /* LaunchScreen.storyboard */ = {
			isa = PBXVariantGroup;
			children = (
				CE2C3486238C16BA00B80E4C /* Base */,
			);
			name = LaunchScreen.storyboard;
			sourceTree = "<group>";
		};
/* End PBXVariantGroup section */

/* Begin XCBuildConfiguration section */
		CE2C3489238C16BA00B80E4C /* Debug */ = {
			isa = XCBuildConfiguration;
			buildSettings = {
				ALWAYS_SEARCH_USER_PATHS = NO;
				CLANG_ANALYZER_NONNULL = YES;
				CLANG_ANALYZER_NUMBER_OBJECT_CONVERSION = YES_AGGRESSIVE;
				CLANG_CXX_LANGUAGE_STANDARD = "gnu++14";
				CLANG_CXX_LIBRARY = "libc++";
				CLANG_ENABLE_MODULES = YES;
				CLANG_ENABLE_OBJC_ARC = YES;
				CLANG_ENABLE_OBJC_WEAK = YES;
				CLANG_WARN_BLOCK_CAPTURE_AUTORELEASING = YES;
				CLANG_WARN_BOOL_CONVERSION = YES;
				CLANG_WARN_COMMA = YES;
				CLANG_WARN_CONSTANT_CONVERSION = YES;
				CLANG_WARN_DEPRECATED_OBJC_IMPLEMENTATIONS = YES;
				CLANG_WARN_DIRECT_OBJC_ISA_USAGE = YES_ERROR;
				CLANG_WARN_DOCUMENTATION_COMMENTS = YES;
				CLANG_WARN_EMPTY_BODY = YES;
				CLANG_WARN_ENUM_CONVERSION = YES;
				CLANG_WARN_INFINITE_RECURSION = YES;
				CLANG_WARN_INT_CONVERSION = YES;
				CLANG_WARN_NON_LITERAL_NULL_CONVERSION = YES;
				CLANG_WARN_OBJC_IMPLICIT_RETAIN_SELF = YES;
				CLANG_WARN_OBJC_LITERAL_CONVERSION = YES;
				CLANG_WARN_OBJC_ROOT_CLASS = YES_ERROR;
				CLANG_WARN_RANGE_LOOP_ANALYSIS = YES;
				CLANG_WARN_STRICT_PROTOTYPES = YES;
				CLANG_WARN_SUSPICIOUS_MOVE = YES;
				CLANG_WARN_UNGUARDED_AVAILABILITY = YES_AGGRESSIVE;
				CLANG_WARN_UNREACHABLE_CODE = YES;
				CLANG_WARN__DUPLICATE_METHOD_MATCH = YES;
				COPY_PHASE_STRIP = NO;
				DEBUG_INFORMATION_FORMAT = dwarf;
				ENABLE_STRICT_OBJC_MSGSEND = YES;
				ENABLE_TESTABILITY = YES;
				GCC_C_LANGUAGE_STANDARD = gnu11;
				GCC_DYNAMIC_NO_PIC = NO;
				GCC_NO_COMMON_BLOCKS = YES;
				GCC_OPTIMIZATION_LEVEL = 0;
				GCC_PREPROCESSOR_DEFINITIONS = (
					"DEBUG=1",
					"$(inherited)",
				);
				GCC_WARN_64_TO_32_BIT_CONVERSION = YES;
				GCC_WARN_ABOUT_RETURN_TYPE = YES_ERROR;
				GCC_WARN_UNDECLARED_SELECTOR = YES;
				GCC_WARN_UNINITIALIZED_AUTOS = YES_AGGRESSIVE;
				GCC_WARN_UNUSED_FUNCTION = YES;
				GCC_WARN_UNUSED_VARIABLE = YES;
				IPHONEOS_DEPLOYMENT_TARGET = 13.2;
				MTL_ENABLE_DEBUG_INFO = INCLUDE_SOURCE;
				MTL_FAST_MATH = YES;
				ONLY_ACTIVE_ARCH = YES;
				SDKROOT = iphoneos;
				SWIFT_ACTIVE_COMPILATION_CONDITIONS = DEBUG;
				SWIFT_OPTIMIZATION_LEVEL = "-Onone";
			};
			name = Debug;
		};
		CE2C348A238C16BA00B80E4C /* Release */ = {
			isa = XCBuildConfiguration;
			buildSettings = {
				ALWAYS_SEARCH_USER_PATHS = NO;
				CLANG_ANALYZER_NONNULL = YES;
				CLANG_ANALYZER_NUMBER_OBJECT_CONVERSION = YES_AGGRESSIVE;
				CLANG_CXX_LANGUAGE_STANDARD = "gnu++14";
				CLANG_CXX_LIBRARY = "libc++";
				CLANG_ENABLE_MODULES = YES;
				CLANG_ENABLE_OBJC_ARC = YES;
				CLANG_ENABLE_OBJC_WEAK = YES;
				CLANG_WARN_BLOCK_CAPTURE_AUTORELEASING = YES;
				CLANG_WARN_BOOL_CONVERSION = YES;
				CLANG_WARN_COMMA = YES;
				CLANG_WARN_CONSTANT_CONVERSION = YES;
				CLANG_WARN_DEPRECATED_OBJC_IMPLEMENTATIONS = YES;
				CLANG_WARN_DIRECT_OBJC_ISA_USAGE = YES_ERROR;
				CLANG_WARN_DOCUMENTATION_COMMENTS = YES;
				CLANG_WARN_EMPTY_BODY = YES;
				CLANG_WARN_ENUM_CONVERSION = YES;
				CLANG_WARN_INFINITE_RECURSION = YES;
				CLANG_WARN_INT_CONVERSION = YES;
				CLANG_WARN_NON_LITERAL_NULL_CONVERSION = YES;
				CLANG_WARN_OBJC_IMPLICIT_RETAIN_SELF = YES;
				CLANG_WARN_OBJC_LITERAL_CONVERSION = YES;
				CLANG_WARN_OBJC_ROOT_CLASS = YES_ERROR;
				CLANG_WARN_RANGE_LOOP_ANALYSIS = YES;
				CLANG_WARN_STRICT_PROTOTYPES = YES;
				CLANG_WARN_SUSPICIOUS_MOVE = YES;
				CLANG_WARN_UNGUARDED_AVAILABILITY = YES_AGGRESSIVE;
				CLANG_WARN_UNREACHABLE_CODE = YES;
				CLANG_WARN__DUPLICATE_METHOD_MATCH = YES;
				COPY_PHASE_STRIP = NO;
				DEBUG_INFORMATION_FORMAT = "dwarf-with-dsym";
				ENABLE_NS_ASSERTIONS = NO;
				ENABLE_STRICT_OBJC_MSGSEND = YES;
				GCC_C_LANGUAGE_STANDARD = gnu11;
				GCC_NO_COMMON_BLOCKS = YES;
				GCC_WARN_64_TO_32_BIT_CONVERSION = YES;
				GCC_WARN_ABOUT_RETURN_TYPE = YES_ERROR;
				GCC_WARN_UNDECLARED_SELECTOR = YES;
				GCC_WARN_UNINITIALIZED_AUTOS = YES_AGGRESSIVE;
				GCC_WARN_UNUSED_FUNCTION = YES;
				GCC_WARN_UNUSED_VARIABLE = YES;
				IPHONEOS_DEPLOYMENT_TARGET = 13.2;
				MTL_ENABLE_DEBUG_INFO = NO;
				MTL_FAST_MATH = YES;
				SDKROOT = iphoneos;
				SWIFT_COMPILATION_MODE = wholemodule;
				SWIFT_OPTIMIZATION_LEVEL = "-O";
				VALIDATE_PRODUCT = YES;
			};
			name = Release;
		};
		CE2C348C238C16BA00B80E4C /* Debug */ = {
			isa = XCBuildConfiguration;
			buildSettings = {
				ASSETCATALOG_COMPILER_APPICON_NAME = AppIcon;
				CODE_SIGN_STYLE = Automatic;
				DEVELOPMENT_TEAM = T3S8U7JSJK;
				INFOPLIST_FILE = AutoLayout/Info.plist;
				LD_RUNPATH_SEARCH_PATHS = (
					"$(inherited)",
					"@executable_path/Frameworks",
				);
				PRODUCT_BUNDLE_IDENTIFIER = com.dmitryangarsky.AutoLayout;
				PRODUCT_NAME = "$(TARGET_NAME)";
				SWIFT_VERSION = 5.0;
				TARGETED_DEVICE_FAMILY = "1,2";
			};
			name = Debug;
		};
		CE2C348D238C16BA00B80E4C /* Release */ = {
			isa = XCBuildConfiguration;
			buildSettings = {
				ASSETCATALOG_COMPILER_APPICON_NAME = AppIcon;
				CODE_SIGN_STYLE = Automatic;
				DEVELOPMENT_TEAM = T3S8U7JSJK;
				INFOPLIST_FILE = AutoLayout/Info.plist;
				LD_RUNPATH_SEARCH_PATHS = (
					"$(inherited)",
					"@executable_path/Frameworks",
				);
				PRODUCT_BUNDLE_IDENTIFIER = com.dmitryangarsky.AutoLayout;
				PRODUCT_NAME = "$(TARGET_NAME)";
				SWIFT_VERSION = 5.0;
				TARGETED_DEVICE_FAMILY = "1,2";
			};
			name = Release;
		};
/* End XCBuildConfiguration section */

/* Begin XCConfigurationList section */
		CE2C3472238C16B900B80E4C /* Build configuration list for PBXProject "AutoLayout" */ = {
			isa = XCConfigurationList;
			buildConfigurations = (
				CE2C3489238C16BA00B80E4C /* Debug */,
				CE2C348A238C16BA00B80E4C /* Release */,
			);
			defaultConfigurationIsVisible = 0;
			defaultConfigurationName = Release;
		};
		CE2C348B238C16BA00B80E4C /* Build configuration list for PBXNativeTarget "AutoLayout" */ = {
			isa = XCConfigurationList;
			buildConfigurations = (
				CE2C348C238C16BA00B80E4C /* Debug */,
				CE2C348D238C16BA00B80E4C /* Release */,
			);
			defaultConfigurationIsVisible = 0;
			defaultConfigurationName = Release;
		};
/* End XCConfigurationList section */
	};
	rootObject = CE2C346F238C16B900B80E4C /* Project object */;
}
